<?xml version="1.0" encoding="utf-8"?>
<Project ToolsVersion="4.0" xmlns="http://schemas.microsoft.com/developer/msbuild/2003">
  <ItemGroup>
    <Filter Include="Source Files">
      <UniqueIdentifier>{4FC737F1-C7A5-4376-A066-2A32D752A2FF}</UniqueIdentifier>
      <Extensions>cpp;c;cc;cxx;def;odl;idl;hpj;bat;asm;asmx</Extensions>
    </Filter>
    <Filter Include="Header Files">
      <UniqueIdentifier>{93995380-89BD-4b04-88EB-625FBE52EBFB}</UniqueIdentifier>
      <Extensions>h;hh;hpp;hxx;hm;inl;inc;ipp;xsd</Extensions>
    </Filter>
    <Filter Include="System">
      <UniqueIdentifier>{d1c7b146-f74f-4eb7-b733-8fda921c7d13}</UniqueIdentifier>
    </Filter>
    <Filter Include="System\Graphics">
      <UniqueIdentifier>{71f61719-5132-4b82-b1e3-8a8b6860685f}</UniqueIdentifier>
    </Filter>
    <Filter Include="System\Objects">
      <UniqueIdentifier>{d52b4428-a045-443f-9cfa-ccc271476621}</UniqueIdentifier>
    </Filter>
    <Filter Include="System\Physics">
      <UniqueIdentifier>{fbc50d59-fcb0-44d3-87bb-f4d52508a01f}</UniqueIdentifier>
    </Filter>
    <Filter Include="System\Utilities">
      <UniqueIdentifier>{9bc14cdd-548f-466c-97cb-b0c6397c7f0d}</UniqueIdentifier>
    </Filter>
    <Filter Include="System\UI">
      <UniqueIdentifier>{8fb98fbf-3680-4259-bb8f-7a42124faf8c}</UniqueIdentifier>
    </Filter>
    <Filter Include="Levels">
      <UniqueIdentifier>{7550963b-fa2d-458b-ae17-30c05f1e044c}</UniqueIdentifier>
    </Filter>
    <Filter Include="System\LevelTools">
      <UniqueIdentifier>{7d079201-704d-4417-95b7-e4c6bc6fe888}</UniqueIdentifier>
    </Filter>
    <Filter Include="System\Networking">
      <UniqueIdentifier>{a8f00cef-caf8-4af0-80e1-cb0ec04d690c}</UniqueIdentifier>
    </Filter>
  </ItemGroup>
  <ItemGroup>
    <ClInclude Include="pch.h">
      <Filter>Header Files</Filter>
    </ClInclude>
    <ClInclude Include="Animation.h">
      <Filter>System\Graphics</Filter>
    </ClInclude>
    <ClInclude Include="Animator.h">
      <Filter>System\Graphics</Filter>
    </ClInclude>
    <ClInclude Include="Player.h">
      <Filter>System\Objects</Filter>
    </ClInclude>
    <ClInclude Include="Ground.h">
      <Filter>System\Objects</Filter>
    </ClInclude>
    <ClInclude Include="ContactListener.h">
      <Filter>System\Physics</Filter>
    </ClInclude>
    <ClInclude Include="GameSettings.h">
      <Filter>System\Utilities</Filter>
    </ClInclude>
    <ClInclude Include="ObjectProperties.h">
      <Filter>System\Utilities</Filter>
    </ClInclude>
    <ClInclude Include="Enums.h">
      <Filter>System\Utilities</Filter>
    </ClInclude>
    <ClInclude Include="Projectile.h">
      <Filter>System\Objects</Filter>
    </ClInclude>
    <ClInclude Include="Crosshair.h">
      <Filter>System\Objects</Filter>
    </ClInclude>
    <ClInclude Include="GameObject.h">
      <Filter>System\Objects</Filter>
    </ClInclude>
    <ClInclude Include="UISystem.h">
      <Filter>System\UI</Filter>
    </ClInclude>
    <ClInclude Include="GroundProperties.h">
      <Filter>System\LevelTools</Filter>
    </ClInclude>
    <ClInclude Include="CollectibleProperties.h">
      <Filter>System\LevelTools</Filter>
    </ClInclude>
    <ClInclude Include="LevelLoader.h">
      <Filter>System\LevelTools</Filter>
    </ClInclude>
    <ClInclude Include="LevelProperties.h">
      <Filter>System\LevelTools</Filter>
    </ClInclude>
    <ClInclude Include="Collectible.h">
      <Filter>System\Objects</Filter>
    </ClInclude>
  </ItemGroup>
  <ItemGroup>
    <ClCompile Include="pch.cpp">
      <Filter>Source Files</Filter>
    </ClCompile>
    <ClCompile Include="301CR.cpp">
      <Filter>Source Files</Filter>
    </ClCompile>
    <ClCompile Include="Animation.cpp">
      <Filter>System\Graphics</Filter>
    </ClCompile>
    <ClCompile Include="Player.cpp">
      <Filter>System\Objects</Filter>
    </ClCompile>
    <ClCompile Include="Ground.cpp">
      <Filter>System\Objects</Filter>
    </ClCompile>
    <ClCompile Include="ContactListener.cpp">
      <Filter>System\Physics</Filter>
    </ClCompile>
    <ClCompile Include="Animator.cpp">
      <Filter>System\Graphics</Filter>
    </ClCompile>
    <ClCompile Include="Projectile.cpp">
      <Filter>System\Objects</Filter>
    </ClCompile>
    <ClCompile Include="Crosshair.cpp">
      <Filter>System\Objects</Filter>
    </ClCompile>
    <ClCompile Include="GameObject.cpp">
      <Filter>System\Objects</Filter>
    </ClCompile>
    <ClCompile Include="UISystem.cpp">
      <Filter>System\UI</Filter>
    </ClCompile>
    <ClCompile Include="LevelLoader.cpp">
      <Filter>System\LevelTools</Filter>
    </ClCompile>
    <ClCompile Include="Collectible.cpp">
      <Filter>System\Objects</Filter>
    </ClCompile>
  </ItemGroup>
  <ItemGroup>
    <ResourceCompile Include="301CR.rc" />
  </ItemGroup>
</Project>